
Microsoft Visual Studio Solution File, Format Version 12.00
# Visual Studio Version 17
VisualStudioVersion = 17.5.33516.290
MinimumVisualStudioVersion = 10.0.40219.1
Project("{FAE04EC0-301F-11D3-BF4B-00C04F79EFBC}") = "RoMethodPollard_DiscreteLogarithm", "RoMethodPollard_DiscreteLogarithm\RoMethodPollard_DiscreteLogarithm.csproj", "{1C81AEEA-EFD6-43FE-99F7-9A0CE895D782}"
EndProject
Global
	GlobalSection(SolutionConfigurationPlatforms) = preSolution
		Debug|Any CPU = Debug|Any CPU
		Release|Any CPU = Release|Any CPU
	EndGlobalSection
	GlobalSection(ProjectConfigurationPlatforms) = postSolution
		{1C81AEEA-EFD6-43FE-99F7-9A0CE895D782}.Debug|Any CPU.ActiveCfg = Debug|Any CPU
		{1C81AEEA-EFD6-43FE-99F7-9A0CE895D782}.Debug|Any CPU.Build.0 = Debug|Any CPU
		{1C81AEEA-EFD6-43FE-99F7-9A0CE895D782}.Release|Any CPU.ActiveCfg = Release|Any CPU
		{1C81AEEA-EFD6-43FE-99F7-9A0CE895D782}.Release|Any CPU.Build.0 = Release|Any CPU
	EndGlobalSection
	GlobalSection(SolutionProperties) = preSolution
		HideSolutionNode = FALSE
	EndGlobalSection
	GlobalSection(ExtensibilityGlobals) = postSolution
		SolutionGuid = {241930FB-53B8-4CA2-A470-A317EF17BD7C}
	EndGlobalSection
EndGlobal
