
Microsoft Visual Studio Solution File, Format Version 12.00
# Visual Studio Version 17
VisualStudioVersion = 17.3.32929.385
MinimumVisualStudioVersion = 10.0.40219.1
Project("{9A19103F-16F7-4668-BE54-9A1E7A4F7556}") = "BShop", "BShop\BShop.csproj", "{BA8F4398-96FB-4E56-909C-3171B19E331D}"
EndProject
Project("{9A19103F-16F7-4668-BE54-9A1E7A4F7556}") = "RegistrationNewStaff", "RegistrationNewStaff\RegistrationNewStaff.csproj", "{3AE7A9C2-1CCD-4350-9225-13E4C1E22EC0}"
EndProject
Global
	GlobalSection(SolutionConfigurationPlatforms) = preSolution
		Debug|Any CPU = Debug|Any CPU
		Release|Any CPU = Release|Any CPU
	EndGlobalSection
	GlobalSection(ProjectConfigurationPlatforms) = postSolution
		{BA8F4398-96FB-4E56-909C-3171B19E331D}.Debug|Any CPU.ActiveCfg = Debug|Any CPU
		{BA8F4398-96FB-4E56-909C-3171B19E331D}.Debug|Any CPU.Build.0 = Debug|Any CPU
		{BA8F4398-96FB-4E56-909C-3171B19E331D}.Release|Any CPU.ActiveCfg = Release|Any CPU
		{BA8F4398-96FB-4E56-909C-3171B19E331D}.Release|Any CPU.Build.0 = Release|Any CPU
		{3AE7A9C2-1CCD-4350-9225-13E4C1E22EC0}.Debug|Any CPU.ActiveCfg = Debug|Any CPU
		{3AE7A9C2-1CCD-4350-9225-13E4C1E22EC0}.Debug|Any CPU.Build.0 = Debug|Any CPU
		{3AE7A9C2-1CCD-4350-9225-13E4C1E22EC0}.Release|Any CPU.ActiveCfg = Release|Any CPU
		{3AE7A9C2-1CCD-4350-9225-13E4C1E22EC0}.Release|Any CPU.Build.0 = Release|Any CPU
	EndGlobalSection
	GlobalSection(SolutionProperties) = preSolution
		HideSolutionNode = FALSE
	EndGlobalSection
	GlobalSection(ExtensibilityGlobals) = postSolution
		SolutionGuid = {25BB3A3F-D1FB-4955-8EF3-F93916389730}
	EndGlobalSection
EndGlobal
