
Microsoft Visual Studio Solution File, Format Version 12.00
# Visual Studio Version 17
VisualStudioVersion = 17.5.33516.290
MinimumVisualStudioVersion = 10.0.40219.1
Project("{FAE04EC0-301F-11D3-BF4B-00C04F79EFBC}") = "Attacks2RSA", "Attacks2RSA\Attacks2RSA.csproj", "{B8114E4F-FBE3-400D-9F6A-F97137CACFEF}"
	ProjectSection(ProjectDependencies) = postProject
		{23702807-70B3-425D-9BEC-0C648BE9EE88} = {23702807-70B3-425D-9BEC-0C648BE9EE88}
	EndProjectSection
EndProject
Project("{9A19103F-16F7-4668-BE54-9A1E7A4F7556}") = "class_RSA", "..\class_RSA\class_RSA\class_RSA.csproj", "{23702807-70B3-425D-9BEC-0C648BE9EE88}"
EndProject
Global
	GlobalSection(SolutionConfigurationPlatforms) = preSolution
		Debug|Any CPU = Debug|Any CPU
		Release|Any CPU = Release|Any CPU
	EndGlobalSection
	GlobalSection(ProjectConfigurationPlatforms) = postSolution
		{B8114E4F-FBE3-400D-9F6A-F97137CACFEF}.Debug|Any CPU.ActiveCfg = Debug|Any CPU
		{B8114E4F-FBE3-400D-9F6A-F97137CACFEF}.Debug|Any CPU.Build.0 = Debug|Any CPU
		{B8114E4F-FBE3-400D-9F6A-F97137CACFEF}.Release|Any CPU.ActiveCfg = Release|Any CPU
		{B8114E4F-FBE3-400D-9F6A-F97137CACFEF}.Release|Any CPU.Build.0 = Release|Any CPU
		{23702807-70B3-425D-9BEC-0C648BE9EE88}.Debug|Any CPU.ActiveCfg = Debug|Any CPU
		{23702807-70B3-425D-9BEC-0C648BE9EE88}.Debug|Any CPU.Build.0 = Debug|Any CPU
		{23702807-70B3-425D-9BEC-0C648BE9EE88}.Release|Any CPU.ActiveCfg = Release|Any CPU
		{23702807-70B3-425D-9BEC-0C648BE9EE88}.Release|Any CPU.Build.0 = Release|Any CPU
	EndGlobalSection
	GlobalSection(SolutionProperties) = preSolution
		HideSolutionNode = FALSE
	EndGlobalSection
	GlobalSection(ExtensibilityGlobals) = postSolution
		SolutionGuid = {90FE42F2-E66C-4529-8B2D-99E16EE43664}
	EndGlobalSection
EndGlobal
