
Microsoft Visual Studio Solution File, Format Version 12.00
# Visual Studio Version 17
VisualStudioVersion = 17.5.33516.290
MinimumVisualStudioVersion = 10.0.40219.1
Project("{FAE04EC0-301F-11D3-BF4B-00C04F79EFBC}") = "HackRSA", "HackRSA\HackRSA.csproj", "{8D9201BE-FADB-4CAC-880A-32DCC6596F91}"
EndProject
Project("{FAE04EC0-301F-11D3-BF4B-00C04F79EFBC}") = "Hacker", "Hacker\Hacker.csproj", "{8AA337C0-D73A-4012-B5F3-7788304386D7}"
EndProject
Global
	GlobalSection(SolutionConfigurationPlatforms) = preSolution
		Debug|Any CPU = Debug|Any CPU
		Release|Any CPU = Release|Any CPU
	EndGlobalSection
	GlobalSection(ProjectConfigurationPlatforms) = postSolution
		{8D9201BE-FADB-4CAC-880A-32DCC6596F91}.Debug|Any CPU.ActiveCfg = Debug|Any CPU
		{8D9201BE-FADB-4CAC-880A-32DCC6596F91}.Debug|Any CPU.Build.0 = Debug|Any CPU
		{8D9201BE-FADB-4CAC-880A-32DCC6596F91}.Release|Any CPU.ActiveCfg = Release|Any CPU
		{8D9201BE-FADB-4CAC-880A-32DCC6596F91}.Release|Any CPU.Build.0 = Release|Any CPU
		{8AA337C0-D73A-4012-B5F3-7788304386D7}.Debug|Any CPU.ActiveCfg = Debug|Any CPU
		{8AA337C0-D73A-4012-B5F3-7788304386D7}.Debug|Any CPU.Build.0 = Debug|Any CPU
		{8AA337C0-D73A-4012-B5F3-7788304386D7}.Release|Any CPU.ActiveCfg = Release|Any CPU
		{8AA337C0-D73A-4012-B5F3-7788304386D7}.Release|Any CPU.Build.0 = Release|Any CPU
	EndGlobalSection
	GlobalSection(SolutionProperties) = preSolution
		HideSolutionNode = FALSE
	EndGlobalSection
	GlobalSection(ExtensibilityGlobals) = postSolution
		SolutionGuid = {140E04E2-90EA-455A-BDE5-CD2D353F2FD0}
	EndGlobalSection
EndGlobal
