
Microsoft Visual Studio Solution File, Format Version 12.00
# Visual Studio Version 17
VisualStudioVersion = 17.5.33516.290
MinimumVisualStudioVersion = 10.0.40219.1
Project("{9A19103F-16F7-4668-BE54-9A1E7A4F7556}") = "Server", "FairVoting\Server.csproj", "{97E2F075-AE32-42EC-A9FD-1EC64C6D20A8}"
EndProject
Project("{9A19103F-16F7-4668-BE54-9A1E7A4F7556}") = "Client", "Client\Client.csproj", "{18B02A73-02BA-4B89-AD6B-302162F2F529}"
EndProject
Project("{9A19103F-16F7-4668-BE54-9A1E7A4F7556}") = "class_RSA", "..\class_RSA\class_RSA\class_RSA.csproj", "{FA166BCA-E64A-4507-8B8A-2755FA101C40}"
EndProject
Global
	GlobalSection(SolutionConfigurationPlatforms) = preSolution
		Debug|Any CPU = Debug|Any CPU
		Release|Any CPU = Release|Any CPU
	EndGlobalSection
	GlobalSection(ProjectConfigurationPlatforms) = postSolution
		{97E2F075-AE32-42EC-A9FD-1EC64C6D20A8}.Debug|Any CPU.ActiveCfg = Debug|Any CPU
		{97E2F075-AE32-42EC-A9FD-1EC64C6D20A8}.Debug|Any CPU.Build.0 = Debug|Any CPU
		{97E2F075-AE32-42EC-A9FD-1EC64C6D20A8}.Release|Any CPU.ActiveCfg = Release|Any CPU
		{97E2F075-AE32-42EC-A9FD-1EC64C6D20A8}.Release|Any CPU.Build.0 = Release|Any CPU
		{18B02A73-02BA-4B89-AD6B-302162F2F529}.Debug|Any CPU.ActiveCfg = Debug|Any CPU
		{18B02A73-02BA-4B89-AD6B-302162F2F529}.Debug|Any CPU.Build.0 = Debug|Any CPU
		{18B02A73-02BA-4B89-AD6B-302162F2F529}.Release|Any CPU.ActiveCfg = Release|Any CPU
		{18B02A73-02BA-4B89-AD6B-302162F2F529}.Release|Any CPU.Build.0 = Release|Any CPU
		{FA166BCA-E64A-4507-8B8A-2755FA101C40}.Debug|Any CPU.ActiveCfg = Debug|Any CPU
		{FA166BCA-E64A-4507-8B8A-2755FA101C40}.Debug|Any CPU.Build.0 = Debug|Any CPU
		{FA166BCA-E64A-4507-8B8A-2755FA101C40}.Release|Any CPU.ActiveCfg = Release|Any CPU
		{FA166BCA-E64A-4507-8B8A-2755FA101C40}.Release|Any CPU.Build.0 = Release|Any CPU
	EndGlobalSection
	GlobalSection(SolutionProperties) = preSolution
		HideSolutionNode = FALSE
	EndGlobalSection
	GlobalSection(ExtensibilityGlobals) = postSolution
		SolutionGuid = {A16AC685-FFEC-4F63-BE97-2C16D4D95E6C}
	EndGlobalSection
EndGlobal
