
Microsoft Visual Studio Solution File, Format Version 12.00
# Visual Studio Version 17
VisualStudioVersion = 17.5.33516.290
MinimumVisualStudioVersion = 10.0.40219.1
Project("{FAE04EC0-301F-11D3-BF4B-00C04F79EFBC}") = "MethodFermaFactorization", "MethodFermaFactorization\MethodFermaFactorization.csproj", "{90D6E995-5EE4-4600-A69C-40CABD3D36A3}"
EndProject
Global
	GlobalSection(SolutionConfigurationPlatforms) = preSolution
		Debug|Any CPU = Debug|Any CPU
		Release|Any CPU = Release|Any CPU
	EndGlobalSection
	GlobalSection(ProjectConfigurationPlatforms) = postSolution
		{90D6E995-5EE4-4600-A69C-40CABD3D36A3}.Debug|Any CPU.ActiveCfg = Debug|Any CPU
		{90D6E995-5EE4-4600-A69C-40CABD3D36A3}.Debug|Any CPU.Build.0 = Debug|Any CPU
		{90D6E995-5EE4-4600-A69C-40CABD3D36A3}.Release|Any CPU.ActiveCfg = Release|Any CPU
		{90D6E995-5EE4-4600-A69C-40CABD3D36A3}.Release|Any CPU.Build.0 = Release|Any CPU
	EndGlobalSection
	GlobalSection(SolutionProperties) = preSolution
		HideSolutionNode = FALSE
	EndGlobalSection
	GlobalSection(ExtensibilityGlobals) = postSolution
		SolutionGuid = {F2F0238E-78D9-45E9-BECF-3334BBA29A0C}
	EndGlobalSection
EndGlobal
